
Microsoft Visual Studio Solution File, Format Version 12.00
# Visual Studio Version 16
VisualStudioVersion = 25.0.1706.6
MinimumVisualStudioVersion = 10.0.40219.1
Project("{FAE04EC0-301F-11D3-BF4B-00C04F79EFBC}") = "HouseRentingSystem", "HouseRentingSystem\HouseRentingSystem.csproj", "{0F3569B4-715E-4261-9988-1B59542EEE9A}"
EndProject
Project("{FAE04EC0-301F-11D3-BF4B-00C04F79EFBC}") = "HouseRentingSystem.Core", "HouseRentingSystem.Core\HouseRentingSystem.Core.csproj", "{7D4C64F0-6796-4947-BC50-0D563ACF4C77}"
EndProject
Project("{FAE04EC0-301F-11D3-BF4B-00C04F79EFBC}") = "HouseRentingSystem.Infrastructure", "HouseRentingSystem.Infrastructure\HouseRentingSystem.Infrastructure.csproj", "{9E7C9966-6E02-4889-B6DB-4FD7998E0454}"
EndProject
Global
	GlobalSection(SolutionConfigurationPlatforms) = preSolution
		Debug|Any CPU = Debug|Any CPU
		Release|Any CPU = Release|Any CPU
	EndGlobalSection
	GlobalSection(ProjectConfigurationPlatforms) = postSolution
		{0F3569B4-715E-4261-9988-1B59542EEE9A}.Debug|Any CPU.ActiveCfg = Debug|Any CPU
		{0F3569B4-715E-4261-9988-1B59542EEE9A}.Debug|Any CPU.Build.0 = Debug|Any CPU
		{0F3569B4-715E-4261-9988-1B59542EEE9A}.Release|Any CPU.ActiveCfg = Release|Any CPU
		{0F3569B4-715E-4261-9988-1B59542EEE9A}.Release|Any CPU.Build.0 = Release|Any CPU
		{7D4C64F0-6796-4947-BC50-0D563ACF4C77}.Debug|Any CPU.ActiveCfg = Debug|Any CPU
		{7D4C64F0-6796-4947-BC50-0D563ACF4C77}.Debug|Any CPU.Build.0 = Debug|Any CPU
		{7D4C64F0-6796-4947-BC50-0D563ACF4C77}.Release|Any CPU.ActiveCfg = Release|Any CPU
		{7D4C64F0-6796-4947-BC50-0D563ACF4C77}.Release|Any CPU.Build.0 = Release|Any CPU
		{9E7C9966-6E02-4889-B6DB-4FD7998E0454}.Debug|Any CPU.ActiveCfg = Debug|Any CPU
		{9E7C9966-6E02-4889-B6DB-4FD7998E0454}.Debug|Any CPU.Build.0 = Debug|Any CPU
		{9E7C9966-6E02-4889-B6DB-4FD7998E0454}.Release|Any CPU.ActiveCfg = Release|Any CPU
		{9E7C9966-6E02-4889-B6DB-4FD7998E0454}.Release|Any CPU.Build.0 = Release|Any CPU
	EndGlobalSection
	GlobalSection(SolutionProperties) = preSolution
		HideSolutionNode = FALSE
	EndGlobalSection
	GlobalSection(ExtensibilityGlobals) = postSolution
		SolutionGuid = {930622D8-6A5B-4372-9560-4F78A73FD201}
	EndGlobalSection
EndGlobal
